
Microsoft Visual Studio Solution File, Format Version 12.00
# Visual Studio Version 17
VisualStudioVersion = 17.3.32901.215
MinimumVisualStudioVersion = 10.0.40219.1
Project("{FAE04EC0-301F-11D3-BF4B-00C04F79EFBC}") = "SpecFlowProject1", "SpecFlowProject1\SpecFlowProject1.csproj", "{7EEEF96E-5472-4E9C-A5AC-BB17640C9AFF}"
EndProject
Global
	GlobalSection(SolutionConfigurationPlatforms) = preSolution
		Debug|Any CPU = Debug|Any CPU
		Release|Any CPU = Release|Any CPU
	EndGlobalSection
	GlobalSection(ProjectConfigurationPlatforms) = postSolution
		{7EEEF96E-5472-4E9C-A5AC-BB17640C9AFF}.Debug|Any CPU.ActiveCfg = Debug|Any CPU
		{7EEEF96E-5472-4E9C-A5AC-BB17640C9AFF}.Debug|Any CPU.Build.0 = Debug|Any CPU
		{7EEEF96E-5472-4E9C-A5AC-BB17640C9AFF}.Release|Any CPU.ActiveCfg = Release|Any CPU
		{7EEEF96E-5472-4E9C-A5AC-BB17640C9AFF}.Release|Any CPU.Build.0 = Release|Any CPU
	EndGlobalSection
	GlobalSection(SolutionProperties) = preSolution
		HideSolutionNode = FALSE
	EndGlobalSection
	GlobalSection(ExtensibilityGlobals) = postSolution
		SolutionGuid = {1D857BF9-A664-4CEE-9FB3-43305C6A7CE5}
	EndGlobalSection
EndGlobal
